
Microsoft Visual Studio Solution File, Format Version 12.00
# Visual Studio 15
VisualStudioVersion = 15.0.27004.2010
MinimumVisualStudioVersion = 10.0.40219.1
Project("{FAE04EC0-301F-11D3-BF4B-00C04F79EFBC}") = "MovieTheaterApp", "MovieTheaterApp\MovieTheaterApp.csproj", "{91D6D7D1-D1F7-4D1C-A1CB-9DCC8DFE9E8A}"
EndProject
Global
	GlobalSection(SolutionConfigurationPlatforms) = preSolution
		Debug|Any CPU = Debug|Any CPU
		Release|Any CPU = Release|Any CPU
	EndGlobalSection
	GlobalSection(ProjectConfigurationPlatforms) = postSolution
		{91D6D7D1-D1F7-4D1C-A1CB-9DCC8DFE9E8A}.Debug|Any CPU.ActiveCfg = Debug|Any CPU
		{91D6D7D1-D1F7-4D1C-A1CB-9DCC8DFE9E8A}.Debug|Any CPU.Build.0 = Debug|Any CPU
		{91D6D7D1-D1F7-4D1C-A1CB-9DCC8DFE9E8A}.Release|Any CPU.ActiveCfg = Release|Any CPU
		{91D6D7D1-D1F7-4D1C-A1CB-9DCC8DFE9E8A}.Release|Any CPU.Build.0 = Release|Any CPU
	EndGlobalSection
	GlobalSection(SolutionProperties) = preSolution
		HideSolutionNode = FALSE
	EndGlobalSection
	GlobalSection(ExtensibilityGlobals) = postSolution
		SolutionGuid = {0DF8DB47-86C1-4A44-90F2-39562D015A75}
	EndGlobalSection
EndGlobal
